
Microsoft Visual Studio Solution File, Format Version 12.00
Project("{FAE04EC0-301F-11D3-BF4B-00C04F79EFBC}") = "ORMonll", "ORMonll\ORMonll.csproj", "{F60275B6-C868-4FDA-92F4-654003A5DF71}"
EndProject
Global
	GlobalSection(SolutionConfigurationPlatforms) = preSolution
		Debug|Any CPU = Debug|Any CPU
		Release|Any CPU = Release|Any CPU
	EndGlobalSection
	GlobalSection(ProjectConfigurationPlatforms) = postSolution
		{F60275B6-C868-4FDA-92F4-654003A5DF71}.Debug|Any CPU.ActiveCfg = Debug|Any CPU
		{F60275B6-C868-4FDA-92F4-654003A5DF71}.Debug|Any CPU.Build.0 = Debug|Any CPU
		{F60275B6-C868-4FDA-92F4-654003A5DF71}.Release|Any CPU.ActiveCfg = Release|Any CPU
		{F60275B6-C868-4FDA-92F4-654003A5DF71}.Release|Any CPU.Build.0 = Release|Any CPU
	EndGlobalSection
EndGlobal
